{
  "name": "network-map",
  "version": "2.0.0",
  "lockfileVersion": 3,
  "requires": true,
  "packages": {
    "": {
      "name": "network-map",
      "version": "2.0.0",
      "license": "MIT",
      "devDependencies": {
        "@dicebear/core": "9.4.3",
        "@dicebear/notionists": "9.4.2"
      },
      "engines": {
        "node": ">=22"
      }
    },
    "node_modules/@dicebear/core": {
      "version": "9.4.3",
      "resolved": "https://registry.npmjs.org/@dicebear/core/-/core-9.4.3.tgz",
      "integrity": "sha512-9ITrQI57k3p5hKuU8HZJ1d0kPdrmTKEJDOdlKQ8CpaChbtmnD1R+dtWmNz5IesYThXM8F64pJ0ZvJ2rsY8Hciw==",
      "dev": true,
      "license": "MIT",
      "dependencies": {
        "@types/json-schema": "^7.0.15"
      },
      "engines": {
        "node": ">=18.0.0"
      }
    },
    "node_modules/@dicebear/notionists": {
      "version": "9.4.2",
      "resolved": "https://registry.npmjs.org/@dicebear/notionists/-/notionists-9.4.2.tgz",
      "integrity": "sha512-ZCySq+nxcD/x4xyYgytcj2N9uY3gxrL+qpnmOdp2BdA221KacVrxlsUPpIgEMqxS2rMmBQXfxg129Pzn4ycIpA==",
      "dev": true,
      "license": "MIT",
      "engines": {
        "node": ">=18.0.0"
      },
      "peerDependencies": {
        "@dicebear/core": "^9.0.0"
      }
    },
    "node_modules/@types/json-schema": {
      "version": "7.0.15",
      "resolved": "https://registry.npmjs.org/@types/json-schema/-/json-schema-7.0.15.tgz",
      "integrity": "sha512-5+fP8P8MFNC+AyZCDxrB2pkZFPGzqQWUzpSeuuVLvm8VMcorNYavBqoFcxK8bQz4Qsbn4oUEEem4wDLfcysGHA==",
      "dev": true,
      "license": "MIT"
    }
  }
}
